// !$*UTF8*$!
{
	archiveVersion = 1;
	classes = {
	};
	objectVersion = 56;
	objects = {

/* Begin PBXBuildFile section */
		72C5F09A2CBA8DB10088DF8F /* IconsService.swift in Sources */ = {isa = PBXBuildFile; fileRef = 72C5F0952CBA8D350088DF8F /* IconsService.swift */; };
		72C5F09B2CBA8DBF0088DF8F /* StyleruTabBarController.swift in Sources */ = {isa = PBXBuildFile; fileRef = 72C5F08B2CBA8D350088DF8F /* StyleruTabBarController.swift */; };
		72C5F09C2CBA8DBF0088DF8F /* Images.swift in Sources */ = {isa = PBXBuildFile; fileRef = 72C5F08A2CBA8D350088DF8F /* Images.swift */; };
		72C5F09D2CBA8DBF0088DF8F /* Fonts.swift in Sources */ = {isa = PBXBuildFile; fileRef = 72C5F0892CBA8D350088DF8F /* Fonts.swift */; };
		72C5F09E2CBA8DBF0088DF8F /* Colors.swift in Sources */ = {isa = PBXBuildFile; fileRef = 72C5F0882CBA8D350088DF8F /* Colors.swift */; };
		72C5F09F2CBA8DD50088DF8F /* AnimationsViewController.swift in Sources */ = {isa = PBXBuildFile; fileRef = 72C5F0932CBA8D350088DF8F /* AnimationsViewController.swift */; };
		72C5F0A02CBA8DD50088DF8F /* EnterViewController.swift in Sources */ = {isa = PBXBuildFile; fileRef = 72C5F08D2CBA8D350088DF8F /* EnterViewController.swift */; };
		72C5F0A12CBA8DD50088DF8F /* animation1.json in Resources */ = {isa = PBXBuildFile; fileRef = 72C5F08F2CBA8D350088DF8F /* animation1.json */; };
		72C5F0A22CBA8DD50088DF8F /* animation2.json in Resources */ = {isa = PBXBuildFile; fileRef = 72C5F0902CBA8D350088DF8F /* animation2.json */; };
		72C5F0A32CBA8DD50088DF8F /* animation3.json in Resources */ = {isa = PBXBuildFile; fileRef = 72C5F0912CBA8D350088DF8F /* animation3.json */; };
		72C5F0A62CBA8F3A0088DF8F /* Lottie in Frameworks */ = {isa = PBXBuildFile; productRef = 72C5F0A52CBA8F3A0088DF8F /* Lottie */; };
		72C5F0A72CBA8FED0088DF8F /* ListCollectionViewController.swift in Sources */ = {isa = PBXBuildFile; fileRef = 72C5F0962CBA8D350088DF8F /* ListCollectionViewController.swift */; };
		72E41B702CB8557900FFDBC0 /* AppDelegate.swift in Sources */ = {isa = PBXBuildFile; fileRef = 72E41B6F2CB8557900FFDBC0 /* AppDelegate.swift */; };
		72E41B722CB8557900FFDBC0 /* SceneDelegate.swift in Sources */ = {isa = PBXBuildFile; fileRef = 72E41B712CB8557900FFDBC0 /* SceneDelegate.swift */; };
		72E41B792CB8557B00FFDBC0 /* Assets.xcassets in Resources */ = {isa = PBXBuildFile; fileRef = 72E41B782CB8557B00FFDBC0 /* Assets.xcassets */; };
		72E41B7C2CB8557B00FFDBC0 /* Base in Resources */ = {isa = PBXBuildFile; fileRef = 72E41B7B2CB8557B00FFDBC0 /* Base */; };
/* End PBXBuildFile section */

/* Begin PBXFileReference section */
		72C5F0882CBA8D350088DF8F /* Colors.swift */ = {isa = PBXFileReference; lastKnownFileType = sourcecode.swift; path = Colors.swift; sourceTree = "<group>"; };
		72C5F0892CBA8D350088DF8F /* Fonts.swift */ = {isa = PBXFileReference; lastKnownFileType = sourcecode.swift; path = Fonts.swift; sourceTree = "<group>"; };
		72C5F08A2CBA8D350088DF8F /* Images.swift */ = {isa = PBXFileReference; lastKnownFileType = sourcecode.swift; path = Images.swift; sourceTree = "<group>"; };
		72C5F08B2CBA8D350088DF8F /* StyleruTabBarController.swift */ = {isa = PBXFileReference; lastKnownFileType = sourcecode.swift; path = StyleruTabBarController.swift; sourceTree = "<group>"; };
		72C5F08D2CBA8D350088DF8F /* EnterViewController.swift */ = {isa = PBXFileReference; lastKnownFileType = sourcecode.swift; path = EnterViewController.swift; sourceTree = "<group>"; };
		72C5F08F2CBA8D350088DF8F /* animation1.json */ = {isa = PBXFileReference; lastKnownFileType = text.json; path = animation1.json; sourceTree = "<group>"; };
		72C5F0902CBA8D350088DF8F /* animation2.json */ = {isa = PBXFileReference; lastKnownFileType = text.json; path = animation2.json; sourceTree = "<group>"; };
		72C5F0912CBA8D350088DF8F /* animation3.json */ = {isa = PBXFileReference; lastKnownFileType = text.json; path = animation3.json; sourceTree = "<group>"; };
		72C5F0932CBA8D350088DF8F /* AnimationsViewController.swift */ = {isa = PBXFileReference; lastKnownFileType = sourcecode.swift; path = AnimationsViewController.swift; sourceTree = "<group>"; };
		72C5F0952CBA8D350088DF8F /* IconsService.swift */ = {isa = PBXFileReference; lastKnownFileType = sourcecode.swift; path = IconsService.swift; sourceTree = "<group>"; };
		72C5F0962CBA8D350088DF8F /* ListCollectionViewController.swift */ = {isa = PBXFileReference; lastKnownFileType = sourcecode.swift; path = ListCollectionViewController.swift; sourceTree = "<group>"; };
		72E41B6C2CB8557900FFDBC0 /* AutumnSchool24.app */ = {isa = PBXFileReference; explicitFileType = wrapper.application; includeInIndex = 0; path = AutumnSchool24.app; sourceTree = BUILT_PRODUCTS_DIR; };
		72E41B6F2CB8557900FFDBC0 /* AppDelegate.swift */ = {isa = PBXFileReference; lastKnownFileType = sourcecode.swift; path = AppDelegate.swift; sourceTree = "<group>"; };
		72E41B712CB8557900FFDBC0 /* SceneDelegate.swift */ = {isa = PBXFileReference; lastKnownFileType = sourcecode.swift; path = SceneDelegate.swift; sourceTree = "<group>"; };
		72E41B782CB8557B00FFDBC0 /* Assets.xcassets */ = {isa = PBXFileReference; lastKnownFileType = folder.assetcatalog; path = Assets.xcassets; sourceTree = "<group>"; };
		72E41B7B2CB8557B00FFDBC0 /* Base */ = {isa = PBXFileReference; lastKnownFileType = file.storyboard; name = Base; path = Base.lproj/LaunchScreen.storyboard; sourceTree = "<group>"; };
		72E41B7D2CB8557B00FFDBC0 /* Info.plist */ = {isa = PBXFileReference; lastKnownFileType = text.plist.xml; path = Info.plist; sourceTree = "<group>"; };
/* End PBXFileReference section */

/* Begin PBXFrameworksBuildPhase section */
		72E41B692CB8557900FFDBC0 /* Frameworks */ = {
			isa = PBXFrameworksBuildPhase;
			buildActionMask = 2147483647;
			files = (
				72C5F0A62CBA8F3A0088DF8F /* Lottie in Frameworks */,
			);
			runOnlyForDeploymentPostprocessing = 0;
		};
/* End PBXFrameworksBuildPhase section */

/* Begin PBXGroup section */
		72C5F08C2CBA8D350088DF8F /* Utils */ = {
			isa = PBXGroup;
			children = (
				72C5F0882CBA8D350088DF8F /* Colors.swift */,
				72C5F0892CBA8D350088DF8F /* Fonts.swift */,
				72C5F08A2CBA8D350088DF8F /* Images.swift */,
				72C5F08B2CBA8D350088DF8F /* StyleruTabBarController.swift */,
			);
			path = Utils;
			sourceTree = "<group>";
		};
		72C5F08E2CBA8D350088DF8F /* LoginScene */ = {
			isa = PBXGroup;
			children = (
				72C5F08D2CBA8D350088DF8F /* EnterViewController.swift */,
			);
			path = LoginScene;
			sourceTree = "<group>";
		};
		72C5F0922CBA8D350088DF8F /* Animations */ = {
			isa = PBXGroup;
			children = (
				72C5F08F2CBA8D350088DF8F /* animation1.json */,
				72C5F0902CBA8D350088DF8F /* animation2.json */,
				72C5F0912CBA8D350088DF8F /* animation3.json */,
			);
			path = Animations;
			sourceTree = "<group>";
		};
		72C5F0942CBA8D350088DF8F /* AnimationsScene */ = {
			isa = PBXGroup;
			children = (
				72C5F0932CBA8D350088DF8F /* AnimationsViewController.swift */,
				72C5F0922CBA8D350088DF8F /* Animations */,
			);
			path = AnimationsScene;
			sourceTree = "<group>";
		};
		72C5F0982CBA8D4E0088DF8F /* CollectionViewScene */ = {
			isa = PBXGroup;
			children = (
				72C5F0952CBA8D350088DF8F /* IconsService.swift */,
				72C5F0962CBA8D350088DF8F /* ListCollectionViewController.swift */,
			);
			path = CollectionViewScene;
			sourceTree = "<group>";
		};
		72E41B632CB8557900FFDBC0 = {
			isa = PBXGroup;
			children = (
				72E41B6E2CB8557900FFDBC0 /* AutumnSchool24 */,
				72E41B6D2CB8557900FFDBC0 /* Products */,
			);
			sourceTree = "<group>";
		};
		72E41B6D2CB8557900FFDBC0 /* Products */ = {
			isa = PBXGroup;
			children = (
				72E41B6C2CB8557900FFDBC0 /* AutumnSchool24.app */,
			);
			name = Products;
			sourceTree = "<group>";
		};
		72E41B6E2CB8557900FFDBC0 /* AutumnSchool24 */ = {
			isa = PBXGroup;
			children = (
				72C5F08E2CBA8D350088DF8F /* LoginScene */,
				72C5F0942CBA8D350088DF8F /* AnimationsScene */,
				72C5F0982CBA8D4E0088DF8F /* CollectionViewScene */,
				72C5F08C2CBA8D350088DF8F /* Utils */,
				72E41B6F2CB8557900FFDBC0 /* AppDelegate.swift */,
				72E41B712CB8557900FFDBC0 /* SceneDelegate.swift */,
				72E41B782CB8557B00FFDBC0 /* Assets.xcassets */,
				72E41B7A2CB8557B00FFDBC0 /* LaunchScreen.storyboard */,
				72E41B7D2CB8557B00FFDBC0 /* Info.plist */,
			);
			path = AutumnSchool24;
			sourceTree = "<group>";
		};
/* End PBXGroup section */

/* Begin PBXNativeTarget section */
		72E41B6B2CB8557900FFDBC0 /* AutumnSchool24 */ = {
			isa = PBXNativeTarget;
			buildConfigurationList = 72E41B962CB8557C00FFDBC0 /* Build configuration list for PBXNativeTarget "AutumnSchool24" */;
			buildPhases = (
				72E41B682CB8557900FFDBC0 /* Sources */,
				72E41B692CB8557900FFDBC0 /* Frameworks */,
				72E41B6A2CB8557900FFDBC0 /* Resources */,
			);
			buildRules = (
			);
			dependencies = (
			);
			name = AutumnSchool24;
			productName = AutumnSchool24;
			productReference = 72E41B6C2CB8557900FFDBC0 /* AutumnSchool24.app */;
			productType = "com.apple.product-type.application";
		};
/* End PBXNativeTarget section */

/* Begin PBXProject section */
		72E41B642CB8557900FFDBC0 /* Project object */ = {
			isa = PBXProject;
			attributes = {
				BuildIndependentTargetsInParallel = 1;
				LastSwiftUpdateCheck = 1540;
				LastUpgradeCheck = 1540;
				TargetAttributes = {
					72E41B6B2CB8557900FFDBC0 = {
						CreatedOnToolsVersion = 15.4;
					};
				};
			};
			buildConfigurationList = 72E41B672CB8557900FFDBC0 /* Build configuration list for PBXProject "AutumnSchool24" */;
			compatibilityVersion = "Xcode 14.0";
			developmentRegion = en;
			hasScannedForEncodings = 0;
			knownRegions = (
				en,
				Base,
			);
			mainGroup = 72E41B632CB8557900FFDBC0;
			packageReferences = (
				72C5F0A42CBA8F3A0088DF8F /* XCRemoteSwiftPackageReference "lottie-ios" */,
			);
			productRefGroup = 72E41B6D2CB8557900FFDBC0 /* Products */;
			projectDirPath = "";
			projectRoot = "";
			targets = (
				72E41B6B2CB8557900FFDBC0 /* AutumnSchool24 */,
			);
		};
/* End PBXProject section */

/* Begin PBXResourcesBuildPhase section */
		72E41B6A2CB8557900FFDBC0 /* Resources */ = {
			isa = PBXResourcesBuildPhase;
			buildActionMask = 2147483647;
			files = (
				72E41B792CB8557B00FFDBC0 /* Assets.xcassets in Resources */,
				72E41B7C2CB8557B00FFDBC0 /* Base in Resources */,
				72C5F0A12CBA8DD50088DF8F /* animation1.json in Resources */,
				72C5F0A22CBA8DD50088DF8F /* animation2.json in Resources */,
				72C5F0A32CBA8DD50088DF8F /* animation3.json in Resources */,
			);
			runOnlyForDeploymentPostprocessing = 0;
		};
/* End PBXResourcesBuildPhase section */

/* Begin PBXSourcesBuildPhase section */
		72E41B682CB8557900FFDBC0 /* Sources */ = {
			isa = PBXSourcesBuildPhase;
			buildActionMask = 2147483647;
			files = (
				72E41B702CB8557900FFDBC0 /* AppDelegate.swift in Sources */,
				72E41B722CB8557900FFDBC0 /* SceneDelegate.swift in Sources */,
				72C5F0A72CBA8FED0088DF8F /* ListCollectionViewController.swift in Sources */,
				72C5F09B2CBA8DBF0088DF8F /* StyleruTabBarController.swift in Sources */,
				72C5F09C2CBA8DBF0088DF8F /* Images.swift in Sources */,
				72C5F09F2CBA8DD50088DF8F /* AnimationsViewController.swift in Sources */,
				72C5F0A02CBA8DD50088DF8F /* EnterViewController.swift in Sources */,
				72C5F09D2CBA8DBF0088DF8F /* Fonts.swift in Sources */,
				72C5F09E2CBA8DBF0088DF8F /* Colors.swift in Sources */,
				72C5F09A2CBA8DB10088DF8F /* IconsService.swift in Sources */,
			);
			runOnlyForDeploymentPostprocessing = 0;
		};
/* End PBXSourcesBuildPhase section */

/* Begin PBXVariantGroup section */
		72E41B7A2CB8557B00FFDBC0 /* LaunchScreen.storyboard */ = {
			isa = PBXVariantGroup;
			children = (
				72E41B7B2CB8557B00FFDBC0 /* Base */,
			);
			name = LaunchScreen.storyboard;
			sourceTree = "<group>";
		};
/* End PBXVariantGroup section */

/* Begin XCBuildConfiguration section */
		72E41B942CB8557C00FFDBC0 /* Debug */ = {
			isa = XCBuildConfiguration;
			buildSettings = {
				ALWAYS_SEARCH_USER_PATHS = NO;
				ASSETCATALOG_COMPILER_GENERATE_SWIFT_ASSET_SYMBOL_EXTENSIONS = YES;
				CLANG_ANALYZER_NONNULL = YES;
				CLANG_ANALYZER_NUMBER_OBJECT_CONVERSION = YES_AGGRESSIVE;
				CLANG_CXX_LANGUAGE_STANDARD = "gnu++20";
				CLANG_ENABLE_MODULES = YES;
				CLANG_ENABLE_OBJC_ARC = YES;
				CLANG_ENABLE_OBJC_WEAK = YES;
				CLANG_WARN_BLOCK_CAPTURE_AUTORELEASING = YES;
				CLANG_WARN_BOOL_CONVERSION = YES;
				CLANG_WARN_COMMA = YES;
				CLANG_WARN_CONSTANT_CONVERSION = YES;
				CLANG_WARN_DEPRECATED_OBJC_IMPLEMENTATIONS = YES;
				CLANG_WARN_DIRECT_OBJC_ISA_USAGE = YES_ERROR;
				CLANG_WARN_DOCUMENTATION_COMMENTS = YES;
				CLANG_WARN_EMPTY_BODY = YES;
				CLANG_WARN_ENUM_CONVERSION = YES;
				CLANG_WARN_INFINITE_RECURSION = YES;
				CLANG_WARN_INT_CONVERSION = YES;
				CLANG_WARN_NON_LITERAL_NULL_CONVERSION = YES;
				CLANG_WARN_OBJC_IMPLICIT_RETAIN_SELF = YES;
				CLANG_WARN_OBJC_LITERAL_CONVERSION = YES;
				CLANG_WARN_OBJC_ROOT_CLASS = YES_ERROR;
				CLANG_WARN_QUOTED_INCLUDE_IN_FRAMEWORK_HEADER = YES;
				CLANG_WARN_RANGE_LOOP_ANALYSIS = YES;
				CLANG_WARN_STRICT_PROTOTYPES = YES;
				CLANG_WARN_SUSPICIOUS_MOVE = YES;
				CLANG_WARN_UNGUARDED_AVAILABILITY = YES_AGGRESSIVE;
				CLANG_WARN_UNREACHABLE_CODE = YES;
				CLANG_WARN__DUPLICATE_METHOD_MATCH = YES;
				COPY_PHASE_STRIP = NO;
				DEBUG_INFORMATION_FORMAT = dwarf;
				ENABLE_STRICT_OBJC_MSGSEND = YES;
				ENABLE_TESTABILITY = YES;
				ENABLE_USER_SCRIPT_SANDBOXING = YES;
				GCC_C_LANGUAGE_STANDARD = gnu17;
				GCC_DYNAMIC_NO_PIC = NO;
				GCC_NO_COMMON_BLOCKS = YES;
				GCC_OPTIMIZATION_LEVEL = 0;
				GCC_PREPROCESSOR_DEFINITIONS = (
					"DEBUG=1",
					"$(inherited)",
				);
				GCC_WARN_64_TO_32_BIT_CONVERSION = YES;
				GCC_WARN_ABOUT_RETURN_TYPE = YES_ERROR;
				GCC_WARN_UNDECLARED_SELECTOR = YES;
				GCC_WARN_UNINITIALIZED_AUTOS = YES_AGGRESSIVE;
				GCC_WARN_UNUSED_FUNCTION = YES;
				GCC_WARN_UNUSED_VARIABLE = YES;
				IPHONEOS_DEPLOYMENT_TARGET = 17.5;
				LOCALIZATION_PREFERS_STRING_CATALOGS = YES;
				MTL_ENABLE_DEBUG_INFO = INCLUDE_SOURCE;
				MTL_FAST_MATH = YES;
				ONLY_ACTIVE_ARCH = YES;
				SDKROOT = iphoneos;
				SWIFT_ACTIVE_COMPILATION_CONDITIONS = "DEBUG $(inherited)";
				SWIFT_OPTIMIZATION_LEVEL = "-Onone";
			};
			name = Debug;
		};
		72E41B952CB8557C00FFDBC0 /* Release */ = {
			isa = XCBuildConfiguration;
			buildSettings = {
				ALWAYS_SEARCH_USER_PATHS = NO;
				ASSETCATALOG_COMPILER_GENERATE_SWIFT_ASSET_SYMBOL_EXTENSIONS = YES;
				CLANG_ANALYZER_NONNULL = YES;
				CLANG_ANALYZER_NUMBER_OBJECT_CONVERSION = YES_AGGRESSIVE;
				CLANG_CXX_LANGUAGE_STANDARD = "gnu++20";
				CLANG_ENABLE_MODULES = YES;
				CLANG_ENABLE_OBJC_ARC = YES;
				CLANG_ENABLE_OBJC_WEAK = YES;
				CLANG_WARN_BLOCK_CAPTURE_AUTORELEASING = YES;
				CLANG_WARN_BOOL_CONVERSION = YES;
				CLANG_WARN_COMMA = YES;
				CLANG_WARN_CONSTANT_CONVERSION = YES;
				CLANG_WARN_DEPRECATED_OBJC_IMPLEMENTATIONS = YES;
				CLANG_WARN_DIRECT_OBJC_ISA_USAGE = YES_ERROR;
				CLANG_WARN_DOCUMENTATION_COMMENTS = YES;
				CLANG_WARN_EMPTY_BODY = YES;
				CLANG_WARN_ENUM_CONVERSION = YES;
				CLANG_WARN_INFINITE_RECURSION = YES;
				CLANG_WARN_INT_CONVERSION = YES;
				CLANG_WARN_NON_LITERAL_NULL_CONVERSION = YES;
				CLANG_WARN_OBJC_IMPLICIT_RETAIN_SELF = YES;
				CLANG_WARN_OBJC_LITERAL_CONVERSION = YES;
				CLANG_WARN_OBJC_ROOT_CLASS = YES_ERROR;
				CLANG_WARN_QUOTED_INCLUDE_IN_FRAMEWORK_HEADER = YES;
				CLANG_WARN_RANGE_LOOP_ANALYSIS = YES;
				CLANG_WARN_STRICT_PROTOTYPES = YES;
				CLANG_WARN_SUSPICIOUS_MOVE = YES;
				CLANG_WARN_UNGUARDED_AVAILABILITY = YES_AGGRESSIVE;
				CLANG_WARN_UNREACHABLE_CODE = YES;
				CLANG_WARN__DUPLICATE_METHOD_MATCH = YES;
				COPY_PHASE_STRIP = NO;
				DEBUG_INFORMATION_FORMAT = "dwarf-with-dsym";
				ENABLE_NS_ASSERTIONS = NO;
				ENABLE_STRICT_OBJC_MSGSEND = YES;
				ENABLE_USER_SCRIPT_SANDBOXING = YES;
				GCC_C_LANGUAGE_STANDARD = gnu17;
				GCC_NO_COMMON_BLOCKS = YES;
				GCC_WARN_64_TO_32_BIT_CONVERSION = YES;
				GCC_WARN_ABOUT_RETURN_TYPE = YES_ERROR;
				GCC_WARN_UNDECLARED_SELECTOR = YES;
				GCC_WARN_UNINITIALIZED_AUTOS = YES_AGGRESSIVE;
				GCC_WARN_UNUSED_FUNCTION = YES;
				GCC_WARN_UNUSED_VARIABLE = YES;
				IPHONEOS_DEPLOYMENT_TARGET = 17.5;
				LOCALIZATION_PREFERS_STRING_CATALOGS = YES;
				MTL_ENABLE_DEBUG_INFO = NO;
				MTL_FAST_MATH = YES;
				SDKROOT = iphoneos;
				SWIFT_COMPILATION_MODE = wholemodule;
				VALIDATE_PRODUCT = YES;
			};
			name = Release;
		};
		72E41B972CB8557C00FFDBC0 /* Debug */ = {
			isa = XCBuildConfiguration;
			buildSettings = {
				ASSETCATALOG_COMPILER_APPICON_NAME = AppIcon;
				ASSETCATALOG_COMPILER_GLOBAL_ACCENT_COLOR_NAME = AccentColor;
				CODE_SIGN_IDENTITY = "Apple Development";
				CODE_SIGN_STYLE = Automatic;
				CURRENT_PROJECT_VERSION = 1;
				DEVELOPMENT_TEAM = P99KL2FGYB;
				GENERATE_INFOPLIST_FILE = YES;
				INFOPLIST_FILE = AutumnSchool24/Info.plist;
				INFOPLIST_KEY_UIApplicationSupportsIndirectInputEvents = YES;
				INFOPLIST_KEY_UILaunchStoryboardName = LaunchScreen;
				INFOPLIST_KEY_UISupportedInterfaceOrientations_iPad = "UIInterfaceOrientationPortrait UIInterfaceOrientationPortraitUpsideDown UIInterfaceOrientationLandscapeLeft UIInterfaceOrientationLandscapeRight";
				INFOPLIST_KEY_UISupportedInterfaceOrientations_iPhone = "UIInterfaceOrientationPortrait UIInterfaceOrientationLandscapeLeft UIInterfaceOrientationLandscapeRight";
				LD_RUNPATH_SEARCH_PATHS = (
					"$(inherited)",
					"@executable_path/Frameworks",
				);
				MARKETING_VERSION = 1.0;
				PRODUCT_BUNDLE_IDENTIFIER = styleru.AutumnSchool24;
				PRODUCT_NAME = "$(TARGET_NAME)";
				PROVISIONING_PROFILE_SPECIFIER = "";
				SWIFT_EMIT_LOC_STRINGS = YES;
				SWIFT_VERSION = 5.0;
				TARGETED_DEVICE_FAMILY = "1,2";
			};
			name = Debug;
		};
		72E41B982CB8557C00FFDBC0 /* Release */ = {
			isa = XCBuildConfiguration;
			buildSettings = {
				ASSETCATALOG_COMPILER_APPICON_NAME = AppIcon;
				ASSETCATALOG_COMPILER_GLOBAL_ACCENT_COLOR_NAME = AccentColor;
				CODE_SIGN_IDENTITY = "Apple Development";
				CODE_SIGN_STYLE = Automatic;
				CURRENT_PROJECT_VERSION = 1;
				DEVELOPMENT_TEAM = P99KL2FGYB;
				GENERATE_INFOPLIST_FILE = YES;
				INFOPLIST_FILE = AutumnSchool24/Info.plist;
				INFOPLIST_KEY_UIApplicationSupportsIndirectInputEvents = YES;
				INFOPLIST_KEY_UILaunchStoryboardName = LaunchScreen;
				INFOPLIST_KEY_UISupportedInterfaceOrientations_iPad = "UIInterfaceOrientationPortrait UIInterfaceOrientationPortraitUpsideDown UIInterfaceOrientationLandscapeLeft UIInterfaceOrientationLandscapeRight";
				INFOPLIST_KEY_UISupportedInterfaceOrientations_iPhone = "UIInterfaceOrientationPortrait UIInterfaceOrientationLandscapeLeft UIInterfaceOrientationLandscapeRight";
				LD_RUNPATH_SEARCH_PATHS = (
					"$(inherited)",
					"@executable_path/Frameworks",
				);
				MARKETING_VERSION = 1.0;
				PRODUCT_BUNDLE_IDENTIFIER = styleru.AutumnSchool24;
				PRODUCT_NAME = "$(TARGET_NAME)";
				PROVISIONING_PROFILE_SPECIFIER = "";
				SWIFT_EMIT_LOC_STRINGS = YES;
				SWIFT_VERSION = 5.0;
				TARGETED_DEVICE_FAMILY = "1,2";
			};
			name = Release;
		};
/* End XCBuildConfiguration section */

/* Begin XCConfigurationList section */
		72E41B672CB8557900FFDBC0 /* Build configuration list for PBXProject "AutumnSchool24" */ = {
			isa = XCConfigurationList;
			buildConfigurations = (
				72E41B942CB8557C00FFDBC0 /* Debug */,
				72E41B952CB8557C00FFDBC0 /* Release */,
			);
			defaultConfigurationIsVisible = 0;
			defaultConfigurationName = Release;
		};
		72E41B962CB8557C00FFDBC0 /* Build configuration list for PBXNativeTarget "AutumnSchool24" */ = {
			isa = XCConfigurationList;
			buildConfigurations = (
				72E41B972CB8557C00FFDBC0 /* Debug */,
				72E41B982CB8557C00FFDBC0 /* Release */,
			);
			defaultConfigurationIsVisible = 0;
			defaultConfigurationName = Release;
		};
/* End XCConfigurationList section */

/* Begin XCRemoteSwiftPackageReference section */
		72C5F0A42CBA8F3A0088DF8F /* XCRemoteSwiftPackageReference "lottie-ios" */ = {
			isa = XCRemoteSwiftPackageReference;
			repositoryURL = "https://github.com/airbnb/lottie-ios.git";
			requirement = {
				kind = upToNextMajorVersion;
				minimumVersion = 4.5.0;
			};
		};
/* End XCRemoteSwiftPackageReference section */

/* Begin XCSwiftPackageProductDependency section */
		72C5F0A52CBA8F3A0088DF8F /* Lottie */ = {
			isa = XCSwiftPackageProductDependency;
			package = 72C5F0A42CBA8F3A0088DF8F /* XCRemoteSwiftPackageReference "lottie-ios" */;
			productName = Lottie;
		};
/* End XCSwiftPackageProductDependency section */
	};
	rootObject = 72E41B642CB8557900FFDBC0 /* Project object */;
}
